// !$*UTF8*$!
{
	archiveVersion = 1;
	classes = {
	};
	objectVersion = 46;
	objects = {

/* Begin PBXBuildFile section */
		064D79FB17095CA300DD0C3E /* UIKit.framework in Frameworks */ = {isa = PBXBuildFile; fileRef = 064D79FA17095CA300DD0C3E /* UIKit.framework */; };
		064D79FD17095CA300DD0C3E /* Foundation.framework in Frameworks */ = {isa = PBXBuildFile; fileRef = 064D79FC17095CA300DD0C3E /* Foundation.framework */; };
		064D79FF17095CA300DD0C3E /* CoreGraphics.framework in Frameworks */ = {isa = PBXBuildFile; fileRef = 064D79FE17095CA300DD0C3E /* CoreGraphics.framework */; };
		064D7A0517095CA300DD0C3E /* InfoPlist.strings in Resources */ = {isa = PBXBuildFile; fileRef = 064D7A0317095CA300DD0C3E /* InfoPlist.strings */; };
		064D7A0717095CA300DD0C3E /* main.m in Sources */ = {isa = PBXBuildFile; fileRef = 064D7A0617095CA300DD0C3E /* main.m */; };
		064D7A0B17095CA300DD0C3E /* ismAppDelegate.m in Sources */ = {isa = PBXBuildFile; fileRef = 064D7A0A17095CA300DD0C3E /* ismAppDelegate.m */; };
		064D7A0D17095CA300DD0C3E /* Default.png in Resources */ = {isa = PBXBuildFile; fileRef = 064D7A0C17095CA300DD0C3E /* Default.png */; };
		064D7A0F17095CA300DD0C3E /* Default@2x.png in Resources */ = {isa = PBXBuildFile; fileRef = 064D7A0E17095CA300DD0C3E /* Default@2x.png */; };
		064D7A1117095CA300DD0C3E /* Default-568h@2x.png in Resources */ = {isa = PBXBuildFile; fileRef = 064D7A1017095CA300DD0C3E /* Default-568h@2x.png */; };
		064D7A1417095CA300DD0C3E /* ismViewController.m in Sources */ = {isa = PBXBuildFile; fileRef = 064D7A1317095CA300DD0C3E /* ismViewController.m */; };
		064D7A1717095CA300DD0C3E /* ismViewController.xib in Resources */ = {isa = PBXBuildFile; fileRef = 064D7A1517095CA300DD0C3E /* ismViewController.xib */; };
		064D7A1F17095D6700DD0C3E /* ismNav_Login.m in Sources */ = {isa = PBXBuildFile; fileRef = 064D7A1E17095D6700DD0C3E /* ismNav_Login.m */; };
		064D7A2517096D3400DD0C3E /* ismClassSelect.m in Sources */ = {isa = PBXBuildFile; fileRef = 064D7A2417096D3400DD0C3E /* ismClassSelect.m */; };
		064D7A2C17096E9400DD0C3E /* ismWebApi.m in Sources */ = {isa = PBXBuildFile; fileRef = 064D7A2817096E9400DD0C3E /* ismWebApi.m */; };
		064D7A2D17096E9400DD0C3E /* R9HTTPRequest.m in Sources */ = {isa = PBXBuildFile; fileRef = 064D7A2B17096E9400DD0C3E /* R9HTTPRequest.m */; };
		064D7A391709705700DD0C3E /* ismComment.m in Sources */ = {isa = PBXBuildFile; fileRef = 064D7A301709705700DD0C3E /* ismComment.m */; };
		064D7A3A1709705700DD0C3E /* ismDataClassBase.m in Sources */ = {isa = PBXBuildFile; fileRef = 064D7A321709705700DD0C3E /* ismDataClassBase.m */; };
		064D7A3B1709705700DD0C3E /* ismGroup.m in Sources */ = {isa = PBXBuildFile; fileRef = 064D7A341709705700DD0C3E /* ismGroup.m */; };
		064D7A3C1709705700DD0C3E /* ismMember.m in Sources */ = {isa = PBXBuildFile; fileRef = 064D7A361709705700DD0C3E /* ismMember.m */; };
		064D7A3D1709705700DD0C3E /* ismThread.m in Sources */ = {isa = PBXBuildFile; fileRef = 064D7A381709705700DD0C3E /* ismThread.m */; };
		064D7A411709722E00DD0C3E /* ismMainTabController.m in Sources */ = {isa = PBXBuildFile; fileRef = 064D7A401709722E00DD0C3E /* ismMainTabController.m */; };
		064D7A49170972F100DD0C3E /* ismTimeLine.m in Sources */ = {isa = PBXBuildFile; fileRef = 064D7A48170972F100DD0C3E /* ismTimeLine.m */; };
		064D7A4C1709732900DD0C3E /* ismTimeTable.m in Sources */ = {isa = PBXBuildFile; fileRef = 064D7A4B1709732900DD0C3E /* ismTimeTable.m */; };
		064D7A4F1709736000DD0C3E /* ismBBS.m in Sources */ = {isa = PBXBuildFile; fileRef = 064D7A4E1709736000DD0C3E /* ismBBS.m */; };
		064D7A521709737E00DD0C3E /* ismContact.m in Sources */ = {isa = PBXBuildFile; fileRef = 064D7A511709737E00DD0C3E /* ismContact.m */; };
		064D7A551709743100DD0C3E /* ismSetting.m in Sources */ = {isa = PBXBuildFile; fileRef = 064D7A541709743100DD0C3E /* ismSetting.m */; };
		064D7A64170ABFE100DD0C3E /* emblem.png in Resources */ = {isa = PBXBuildFile; fileRef = 064D7A63170ABFE100DD0C3E /* emblem.png */; };
		064D7A66170AC0D400DD0C3E /* emblemResize.png in Resources */ = {isa = PBXBuildFile; fileRef = 064D7A65170AC0D400DD0C3E /* emblemResize.png */; };
		064D7A68170AC0F600DD0C3E /* emblemResizeNormal.png in Resources */ = {isa = PBXBuildFile; fileRef = 064D7A67170AC0F600DD0C3E /* emblemResizeNormal.png */; };
		064D7A6C170C1D1800DD0C3E /* ismTimeTableComments.m in Sources */ = {isa = PBXBuildFile; fileRef = 064D7A6B170C1D1800DD0C3E /* ismTimeTableComments.m */; };
		064D7A6F170C293C00DD0C3E /* ismTimeTableCommentPost.m in Sources */ = {isa = PBXBuildFile; fileRef = 064D7A6E170C293C00DD0C3E /* ismTimeTableCommentPost.m */; };
		064D7A72170C296F00DD0C3E /* ismTimeTableCommentDetail.m in Sources */ = {isa = PBXBuildFile; fileRef = 064D7A71170C296F00DD0C3E /* ismTimeTableCommentDetail.m */; };
		06E5F32D170D953300F23D09 /* ismContactDetail.m in Sources */ = {isa = PBXBuildFile; fileRef = 06E5F32C170D953300F23D09 /* ismContactDetail.m */; };
		06E5F331170DE10A00F23D09 /* ismClassAdd.m in Sources */ = {isa = PBXBuildFile; fileRef = 06E5F32F170DE10A00F23D09 /* ismClassAdd.m */; };
		06E5F332170DE10A00F23D09 /* ismClassAdd.xib in Resources */ = {isa = PBXBuildFile; fileRef = 06E5F330170DE10A00F23D09 /* ismClassAdd.xib */; };
		06E5F336170EDF4000F23D09 /* ismTimeTableAdd.m in Sources */ = {isa = PBXBuildFile; fileRef = 06E5F334170EDF4000F23D09 /* ismTimeTableAdd.m */; };
		06E5F337170EDF4000F23D09 /* ismTimeTableAdd.xib in Resources */ = {isa = PBXBuildFile; fileRef = 06E5F335170EDF4000F23D09 /* ismTimeTableAdd.xib */; };
		06E5F33B171002C700F23D09 /* ismBBSCommentPost.m in Sources */ = {isa = PBXBuildFile; fileRef = 06E5F339171002C600F23D09 /* ismBBSCommentPost.m */; };
		06E5F33C171002C700F23D09 /* ismBBSCommentPost.xib in Resources */ = {isa = PBXBuildFile; fileRef = 06E5F33A171002C600F23D09 /* ismBBSCommentPost.xib */; };
		06E5F33F171006D700F23D09 /* ismBBSCommentList.m in Sources */ = {isa = PBXBuildFile; fileRef = 06E5F33E171006D700F23D09 /* ismBBSCommentList.m */; };
		06E5F3421710086600F23D09 /* ismBBSCommentDetail.m in Sources */ = {isa = PBXBuildFile; fileRef = 06E5F3411710086500F23D09 /* ismBBSCommentDetail.m */; };
		06E5F34617100B4E00F23D09 /* ismBBSThreadAdd.m in Sources */ = {isa = PBXBuildFile; fileRef = 06E5F34417100B4C00F23D09 /* ismBBSThreadAdd.m */; };
		06E5F34717100B4E00F23D09 /* ismBBSThreadAdd.xib in Resources */ = {isa = PBXBuildFile; fileRef = 06E5F34517100B4D00F23D09 /* ismBBSThreadAdd.xib */; };
		06E5F34E17112A1800F23D09 /* ismCellTextField.m in Sources */ = {isa = PBXBuildFile; fileRef = 06E5F34D17112A1800F23D09 /* ismCellTextField.m */; };
		06E5F35017112A4B00F23D09 /* ismCellTextField.xib in Resources */ = {isa = PBXBuildFile; fileRef = 06E5F34F17112A4B00F23D09 /* ismCellTextField.xib */; };
/* End PBXBuildFile section */

/* Begin PBXFileReference section */
		064D79F717095CA300DD0C3E /* Classter.app */ = {isa = PBXFileReference; explicitFileType = wrapper.application; includeInIndex = 0; path = Classter.app; sourceTree = BUILT_PRODUCTS_DIR; };
		064D79FA17095CA300DD0C3E /* UIKit.framework */ = {isa = PBXFileReference; lastKnownFileType = wrapper.framework; name = UIKit.framework; path = System/Library/Frameworks/UIKit.framework; sourceTree = SDKROOT; };
		064D79FC17095CA300DD0C3E /* Foundation.framework */ = {isa = PBXFileReference; lastKnownFileType = wrapper.framework; name = Foundation.framework; path = System/Library/Frameworks/Foundation.framework; sourceTree = SDKROOT; };
		064D79FE17095CA300DD0C3E /* CoreGraphics.framework */ = {isa = PBXFileReference; lastKnownFileType = wrapper.framework; name = CoreGraphics.framework; path = System/Library/Frameworks/CoreGraphics.framework; sourceTree = SDKROOT; };
		064D7A0217095CA300DD0C3E /* Classter-Info.plist */ = {isa = PBXFileReference; lastKnownFileType = text.plist.xml; path = "Classter-Info.plist"; sourceTree = "<group>"; };
		064D7A0417095CA300DD0C3E /* en */ = {isa = PBXFileReference; lastKnownFileType = text.plist.strings; name = en; path = en.lproj/InfoPlist.strings; sourceTree = "<group>"; };
		064D7A0617095CA300DD0C3E /* main.m */ = {isa = PBXFileReference; lastKnownFileType = sourcecode.c.objc; path = main.m; sourceTree = "<group>"; };
		064D7A0817095CA300DD0C3E /* Classter-Prefix.pch */ = {isa = PBXFileReference; lastKnownFileType = sourcecode.c.h; path = "Classter-Prefix.pch"; sourceTree = "<group>"; };
		064D7A0917095CA300DD0C3E /* ismAppDelegate.h */ = {isa = PBXFileReference; lastKnownFileType = sourcecode.c.h; path = ismAppDelegate.h; sourceTree = "<group>"; };
		064D7A0A17095CA300DD0C3E /* ismAppDelegate.m */ = {isa = PBXFileReference; lastKnownFileType = sourcecode.c.objc; path = ismAppDelegate.m; sourceTree = "<group>"; };
		064D7A0C17095CA300DD0C3E /* Default.png */ = {isa = PBXFileReference; lastKnownFileType = image.png; path = Default.png; sourceTree = "<group>"; };
		064D7A0E17095CA300DD0C3E /* Default@2x.png */ = {isa = PBXFileReference; lastKnownFileType = image.png; path = "Default@2x.png"; sourceTree = "<group>"; };
		064D7A1017095CA300DD0C3E /* Default-568h@2x.png */ = {isa = PBXFileReference; lastKnownFileType = image.png; path = "Default-568h@2x.png"; sourceTree = "<group>"; };
		064D7A1217095CA300DD0C3E /* ismViewController.h */ = {isa = PBXFileReference; lastKnownFileType = sourcecode.c.h; path = ismViewController.h; sourceTree = "<group>"; };
		064D7A1317095CA300DD0C3E /* ismViewController.m */ = {isa = PBXFileReference; lastKnownFileType = sourcecode.c.objc; path = ismViewController.m; sourceTree = "<group>"; };
		064D7A1617095CA300DD0C3E /* en */ = {isa = PBXFileReference; lastKnownFileType = file.xib; name = en; path = en.lproj/ismViewController.xib; sourceTree = "<group>"; };
		064D7A1D17095D6700DD0C3E /* ismNav_Login.h */ = {isa = PBXFileReference; fileEncoding = 4; lastKnownFileType = sourcecode.c.h; path = ismNav_Login.h; sourceTree = "<group>"; };
		064D7A1E17095D6700DD0C3E /* ismNav_Login.m */ = {isa = PBXFileReference; fileEncoding = 4; lastKnownFileType = sourcecode.c.objc; path = ismNav_Login.m; sourceTree = "<group>"; };
		064D7A2317096D3400DD0C3E /* ismClassSelect.h */ = {isa = PBXFileReference; fileEncoding = 4; lastKnownFileType = sourcecode.c.h; path = ismClassSelect.h; sourceTree = "<group>"; };
		064D7A2417096D3400DD0C3E /* ismClassSelect.m */ = {isa = PBXFileReference; fileEncoding = 4; lastKnownFileType = sourcecode.c.objc; path = ismClassSelect.m; sourceTree = "<group>"; };
		064D7A2717096E9400DD0C3E /* ismWebApi.h */ = {isa = PBXFileReference; fileEncoding = 4; lastKnownFileType = sourcecode.c.h; path = ismWebApi.h; sourceTree = "<group>"; };
		064D7A2817096E9400DD0C3E /* ismWebApi.m */ = {isa = PBXFileReference; fileEncoding = 4; lastKnownFileType = sourcecode.c.objc; path = ismWebApi.m; sourceTree = "<group>"; };
		064D7A2A17096E9400DD0C3E /* R9HTTPRequest.h */ = {isa = PBXFileReference; fileEncoding = 4; lastKnownFileType = sourcecode.c.h; path = R9HTTPRequest.h; sourceTree = "<group>"; };
		064D7A2B17096E9400DD0C3E /* R9HTTPRequest.m */ = {isa = PBXFileReference; fileEncoding = 4; lastKnownFileType = sourcecode.c.objc; path = R9HTTPRequest.m; sourceTree = "<group>"; };
		064D7A2F1709705700DD0C3E /* ismComment.h */ = {isa = PBXFileReference; fileEncoding = 4; lastKnownFileType = sourcecode.c.h; path = ismComment.h; sourceTree = "<group>"; };
		064D7A301709705700DD0C3E /* ismComment.m */ = {isa = PBXFileReference; fileEncoding = 4; lastKnownFileType = sourcecode.c.objc; path = ismComment.m; sourceTree = "<group>"; };
		064D7A311709705700DD0C3E /* ismDataClassBase.h */ = {isa = PBXFileReference; fileEncoding = 4; lastKnownFileType = sourcecode.c.h; path = ismDataClassBase.h; sourceTree = "<group>"; };
		064D7A321709705700DD0C3E /* ismDataClassBase.m */ = {isa = PBXFileReference; fileEncoding = 4; lastKnownFileType = sourcecode.c.objc; path = ismDataClassBase.m; sourceTree = "<group>"; };
		064D7A331709705700DD0C3E /* ismGroup.h */ = {isa = PBXFileReference; fileEncoding = 4; lastKnownFileType = sourcecode.c.h; path = ismGroup.h; sourceTree = "<group>"; };
		064D7A341709705700DD0C3E /* ismGroup.m */ = {isa = PBXFileReference; fileEncoding = 4; lastKnownFileType = sourcecode.c.objc; path = ismGroup.m; sourceTree = "<group>"; };
		064D7A351709705700DD0C3E /* ismMember.h */ = {isa = PBXFileReference; fileEncoding = 4; lastKnownFileType = sourcecode.c.h; path = ismMember.h; sourceTree = "<group>"; };
		064D7A361709705700DD0C3E /* ismMember.m */ = {isa = PBXFileReference; fileEncoding = 4; lastKnownFileType = sourcecode.c.objc; path = ismMember.m; sourceTree = "<group>"; };
		064D7A371709705700DD0C3E /* ismThread.h */ = {isa = PBXFileReference; fileEncoding = 4; lastKnownFileType = sourcecode.c.h; path = ismThread.h; sourceTree = "<group>"; };
		064D7A381709705700DD0C3E /* ismThread.m */ = {isa = PBXFileReference; fileEncoding = 4; lastKnownFileType = sourcecode.c.objc; path = ismThread.m; sourceTree = "<group>"; };
		064D7A3F1709722E00DD0C3E /* ismMainTabController.h */ = {isa = PBXFileReference; fileEncoding = 4; lastKnownFileType = sourcecode.c.h; path = ismMainTabController.h; sourceTree = "<group>"; };
		064D7A401709722E00DD0C3E /* ismMainTabController.m */ = {isa = PBXFileReference; fileEncoding = 4; lastKnownFileType = sourcecode.c.objc; path = ismMainTabController.m; sourceTree = "<group>"; };
		064D7A47170972F100DD0C3E /* ismTimeLine.h */ = {isa = PBXFileReference; fileEncoding = 4; lastKnownFileType = sourcecode.c.h; path = ismTimeLine.h; sourceTree = "<group>"; };
		064D7A48170972F100DD0C3E /* ismTimeLine.m */ = {isa = PBXFileReference; fileEncoding = 4; lastKnownFileType = sourcecode.c.objc; path = ismTimeLine.m; sourceTree = "<group>"; };
		064D7A4A1709732900DD0C3E /* ismTimeTable.h */ = {isa = PBXFileReference; fileEncoding = 4; lastKnownFileType = sourcecode.c.h; path = ismTimeTable.h; sourceTree = "<group>"; };
		064D7A4B1709732900DD0C3E /* ismTimeTable.m */ = {isa = PBXFileReference; fileEncoding = 4; lastKnownFileType = sourcecode.c.objc; path = ismTimeTable.m; sourceTree = "<group>"; };
		064D7A4D1709736000DD0C3E /* ismBBS.h */ = {isa = PBXFileReference; fileEncoding = 4; lastKnownFileType = sourcecode.c.h; path = ismBBS.h; sourceTree = "<group>"; };
		064D7A4E1709736000DD0C3E /* ismBBS.m */ = {isa = PBXFileReference; fileEncoding = 4; lastKnownFileType = sourcecode.c.objc; path = ismBBS.m; sourceTree = "<group>"; };
		064D7A501709737E00DD0C3E /* ismContact.h */ = {isa = PBXFileReference; fileEncoding = 4; lastKnownFileType = sourcecode.c.h; path = ismContact.h; sourceTree = "<group>"; };
		064D7A511709737E00DD0C3E /* ismContact.m */ = {isa = PBXFileReference; fileEncoding = 4; lastKnownFileType = sourcecode.c.objc; path = ismContact.m; sourceTree = "<group>"; };
		064D7A531709743100DD0C3E /* ismSetting.h */ = {isa = PBXFileReference; fileEncoding = 4; lastKnownFileType = sourcecode.c.h; path = ismSetting.h; sourceTree = "<group>"; };
		064D7A541709743100DD0C3E /* ismSetting.m */ = {isa = PBXFileReference; fileEncoding = 4; lastKnownFileType = sourcecode.c.objc; path = ismSetting.m; sourceTree = "<group>"; };
		064D7A63170ABFE100DD0C3E /* emblem.png */ = {isa = PBXFileReference; lastKnownFileType = image.png; path = emblem.png; sourceTree = "<group>"; };
		064D7A65170AC0D400DD0C3E /* emblemResize.png */ = {isa = PBXFileReference; lastKnownFileType = image.png; name = emblemResize.png; path = ../emblemResize.png; sourceTree = "<group>"; };
		064D7A67170AC0F600DD0C3E /* emblemResizeNormal.png */ = {isa = PBXFileReference; lastKnownFileType = image.png; name = emblemResizeNormal.png; path = ../emblemResizeNormal.png; sourceTree = "<group>"; };
		064D7A6A170C1D1800DD0C3E /* ismTimeTableComments.h */ = {isa = PBXFileReference; fileEncoding = 4; lastKnownFileType = sourcecode.c.h; path = ismTimeTableComments.h; sourceTree = "<group>"; };
		064D7A6B170C1D1800DD0C3E /* ismTimeTableComments.m */ = {isa = PBXFileReference; fileEncoding = 4; lastKnownFileType = sourcecode.c.objc; path = ismTimeTableComments.m; sourceTree = "<group>"; };
		064D7A6D170C293C00DD0C3E /* ismTimeTableCommentPost.h */ = {isa = PBXFileReference; fileEncoding = 4; lastKnownFileType = sourcecode.c.h; path = ismTimeTableCommentPost.h; sourceTree = "<group>"; };
		064D7A6E170C293C00DD0C3E /* ismTimeTableCommentPost.m */ = {isa = PBXFileReference; fileEncoding = 4; lastKnownFileType = sourcecode.c.objc; path = ismTimeTableCommentPost.m; sourceTree = "<group>"; };
		064D7A70170C296F00DD0C3E /* ismTimeTableCommentDetail.h */ = {isa = PBXFileReference; fileEncoding = 4; lastKnownFileType = sourcecode.c.h; path = ismTimeTableCommentDetail.h; sourceTree = "<group>"; };
		064D7A71170C296F00DD0C3E /* ismTimeTableCommentDetail.m */ = {isa = PBXFileReference; fileEncoding = 4; lastKnownFileType = sourcecode.c.objc; path = ismTimeTableCommentDetail.m; sourceTree = "<group>"; };
		06E5F32B170D953300F23D09 /* ismContactDetail.h */ = {isa = PBXFileReference; fileEncoding = 4; lastKnownFileType = sourcecode.c.h; path = ismContactDetail.h; sourceTree = "<group>"; };
		06E5F32C170D953300F23D09 /* ismContactDetail.m */ = {isa = PBXFileReference; fileEncoding = 4; lastKnownFileType = sourcecode.c.objc; path = ismContactDetail.m; sourceTree = "<group>"; };
		06E5F32E170DE10A00F23D09 /* ismClassAdd.h */ = {isa = PBXFileReference; fileEncoding = 4; lastKnownFileType = sourcecode.c.h; path = ismClassAdd.h; sourceTree = "<group>"; };
		06E5F32F170DE10A00F23D09 /* ismClassAdd.m */ = {isa = PBXFileReference; fileEncoding = 4; lastKnownFileType = sourcecode.c.objc; path = ismClassAdd.m; sourceTree = "<group>"; };
		06E5F330170DE10A00F23D09 /* ismClassAdd.xib */ = {isa = PBXFileReference; fileEncoding = 4; lastKnownFileType = file.xib; path = ismClassAdd.xib; sourceTree = "<group>"; };
		06E5F333170EDF4000F23D09 /* ismTimeTableAdd.h */ = {isa = PBXFileReference; fileEncoding = 4; lastKnownFileType = sourcecode.c.h; path = ismTimeTableAdd.h; sourceTree = "<group>"; };
		06E5F334170EDF4000F23D09 /* ismTimeTableAdd.m */ = {isa = PBXFileReference; fileEncoding = 4; lastKnownFileType = sourcecode.c.objc; path = ismTimeTableAdd.m; sourceTree = "<group>"; };
		06E5F335170EDF4000F23D09 /* ismTimeTableAdd.xib */ = {isa = PBXFileReference; fileEncoding = 4; lastKnownFileType = file.xib; path = ismTimeTableAdd.xib; sourceTree = "<group>"; };
		06E5F338171002C500F23D09 /* ismBBSCommentPost.h */ = {isa = PBXFileReference; fileEncoding = 4; lastKnownFileType = sourcecode.c.h; path = ismBBSCommentPost.h; sourceTree = "<group>"; };
		06E5F339171002C600F23D09 /* ismBBSCommentPost.m */ = {isa = PBXFileReference; fileEncoding = 4; lastKnownFileType = sourcecode.c.objc; path = ismBBSCommentPost.m; sourceTree = "<group>"; };
		06E5F33A171002C600F23D09 /* ismBBSCommentPost.xib */ = {isa = PBXFileReference; fileEncoding = 4; lastKnownFileType = file.xib; path = ismBBSCommentPost.xib; sourceTree = "<group>"; };
		06E5F33D171006D700F23D09 /* ismBBSCommentList.h */ = {isa = PBXFileReference; fileEncoding = 4; lastKnownFileType = sourcecode.c.h; path = ismBBSCommentList.h; sourceTree = "<group>"; };
		06E5F33E171006D700F23D09 /* ismBBSCommentList.m */ = {isa = PBXFileReference; fileEncoding = 4; lastKnownFileType = sourcecode.c.objc; path = ismBBSCommentList.m; sourceTree = "<group>"; };
		06E5F3401710086500F23D09 /* ismBBSCommentDetail.h */ = {isa = PBXFileReference; fileEncoding = 4; lastKnownFileType = sourcecode.c.h; path = ismBBSCommentDetail.h; sourceTree = "<group>"; };
		06E5F3411710086500F23D09 /* ismBBSCommentDetail.m */ = {isa = PBXFileReference; fileEncoding = 4; lastKnownFileType = sourcecode.c.objc; path = ismBBSCommentDetail.m; sourceTree = "<group>"; };
		06E5F34317100B4C00F23D09 /* ismBBSThreadAdd.h */ = {isa = PBXFileReference; fileEncoding = 4; lastKnownFileType = sourcecode.c.h; path = ismBBSThreadAdd.h; sourceTree = "<group>"; };
		06E5F34417100B4C00F23D09 /* ismBBSThreadAdd.m */ = {isa = PBXFileReference; fileEncoding = 4; lastKnownFileType = sourcecode.c.objc; path = ismBBSThreadAdd.m; sourceTree = "<group>"; };
		06E5F34517100B4D00F23D09 /* ismBBSThreadAdd.xib */ = {isa = PBXFileReference; fileEncoding = 4; lastKnownFileType = file.xib; path = ismBBSThreadAdd.xib; sourceTree = "<group>"; };
		06E5F34C17112A1800F23D09 /* ismCellTextField.h */ = {isa = PBXFileReference; fileEncoding = 4; lastKnownFileType = sourcecode.c.h; path = ismCellTextField.h; sourceTree = "<group>"; };
		06E5F34D17112A1800F23D09 /* ismCellTextField.m */ = {isa = PBXFileReference; fileEncoding = 4; lastKnownFileType = sourcecode.c.objc; path = ismCellTextField.m; sourceTree = "<group>"; };
		06E5F34F17112A4B00F23D09 /* ismCellTextField.xib */ = {isa = PBXFileReference; fileEncoding = 4; lastKnownFileType = file.xib; path = ismCellTextField.xib; sourceTree = "<group>"; };
/* End PBXFileReference section */

/* Begin PBXFrameworksBuildPhase section */
		064D79F417095CA300DD0C3E /* Frameworks */ = {
			isa = PBXFrameworksBuildPhase;
			buildActionMask = 2147483647;
			files = (
				064D79FB17095CA300DD0C3E /* UIKit.framework in Frameworks */,
				064D79FD17095CA300DD0C3E /* Foundation.framework in Frameworks */,
				064D79FF17095CA300DD0C3E /* CoreGraphics.framework in Frameworks */,
			);
			runOnlyForDeploymentPostprocessing = 0;
		};
/* End PBXFrameworksBuildPhase section */

/* Begin PBXGroup section */
		064D79EE17095CA300DD0C3E = {
			isa = PBXGroup;
			children = (
				064D7A0017095CA300DD0C3E /* Classter */,
				064D79F917095CA300DD0C3E /* Frameworks */,
				064D79F817095CA300DD0C3E /* Products */,
			);
			sourceTree = "<group>";
		};
		064D79F817095CA300DD0C3E /* Products */ = {
			isa = PBXGroup;
			children = (
				064D79F717095CA300DD0C3E /* Classter.app */,
			);
			name = Products;
			sourceTree = "<group>";
		};
		064D79F917095CA300DD0C3E /* Frameworks */ = {
			isa = PBXGroup;
			children = (
				064D79FA17095CA300DD0C3E /* UIKit.framework */,
				064D79FC17095CA300DD0C3E /* Foundation.framework */,
				064D79FE17095CA300DD0C3E /* CoreGraphics.framework */,
			);
			name = Frameworks;
			sourceTree = "<group>";
		};
		064D7A0017095CA300DD0C3E /* Classter */ = {
			isa = PBXGroup;
			children = (
				064D7A62170ABFD200DD0C3E /* resource */,
				064D7A0917095CA300DD0C3E /* ismAppDelegate.h */,
				064D7A0A17095CA300DD0C3E /* ismAppDelegate.m */,
				064D7A1D17095D6700DD0C3E /* ismNav_Login.h */,
				064D7A1E17095D6700DD0C3E /* ismNav_Login.m */,
				064D7A1517095CA300DD0C3E /* ismViewController.xib */,
				064D7A2117096CF500DD0C3E /* login */,
				064D7A2217096D0900DD0C3E /* classSelect */,
				064D7A3E170971D000DD0C3E /* mainTab */,
				064D7A2617096E9400DD0C3E /* ismWebApi */,
				064D7A0117095CA300DD0C3E /* Supporting Files */,
			);
			path = Classter;
			sourceTree = "<group>";
		};
		064D7A0117095CA300DD0C3E /* Supporting Files */ = {
			isa = PBXGroup;
			children = (
				064D7A0217095CA300DD0C3E /* Classter-Info.plist */,
				064D7A0317095CA300DD0C3E /* InfoPlist.strings */,
				064D7A0617095CA300DD0C3E /* main.m */,
				064D7A0817095CA300DD0C3E /* Classter-Prefix.pch */,
				064D7A0C17095CA300DD0C3E /* Default.png */,
				064D7A0E17095CA300DD0C3E /* Default@2x.png */,
				064D7A1017095CA300DD0C3E /* Default-568h@2x.png */,
			);
			name = "Supporting Files";
			sourceTree = "<group>";
		};
		064D7A2117096CF500DD0C3E /* login */ = {
			isa = PBXGroup;
			children = (
				064D7A1217095CA300DD0C3E /* ismViewController.h */,
				064D7A1317095CA300DD0C3E /* ismViewController.m */,
			);
			name = login;
			sourceTree = "<group>";
		};
		064D7A2217096D0900DD0C3E /* classSelect */ = {
			isa = PBXGroup;
			children = (
				064D7A2317096D3400DD0C3E /* ismClassSelect.h */,
				064D7A2417096D3400DD0C3E /* ismClassSelect.m */,
				06E5F32E170DE10A00F23D09 /* ismClassAdd.h */,
				06E5F32F170DE10A00F23D09 /* ismClassAdd.m */,
				06E5F330170DE10A00F23D09 /* ismClassAdd.xib */,
			);
			name = classSelect;
			sourceTree = "<group>";
		};
		064D7A2617096E9400DD0C3E /* ismWebApi */ = {
			isa = PBXGroup;
			children = (
				064D7A2717096E9400DD0C3E /* ismWebApi.h */,
				064D7A2817096E9400DD0C3E /* ismWebApi.m */,
				064D7A2E1709705700DD0C3E /* dataClass */,
				064D7A2917096E9400DD0C3E /* R9HTTPRequest */,
			);
			path = ismWebApi;
			sourceTree = "<group>";
		};
		064D7A2917096E9400DD0C3E /* R9HTTPRequest */ = {
			isa = PBXGroup;
			children = (
				064D7A2A17096E9400DD0C3E /* R9HTTPRequest.h */,
				064D7A2B17096E9400DD0C3E /* R9HTTPRequest.m */,
			);
			path = R9HTTPRequest;
			sourceTree = "<group>";
		};
		064D7A2E1709705700DD0C3E /* dataClass */ = {
			isa = PBXGroup;
			children = (
				064D7A2F1709705700DD0C3E /* ismComment.h */,
				064D7A301709705700DD0C3E /* ismComment.m */,
				064D7A311709705700DD0C3E /* ismDataClassBase.h */,
				064D7A321709705700DD0C3E /* ismDataClassBase.m */,
				064D7A331709705700DD0C3E /* ismGroup.h */,
				064D7A341709705700DD0C3E /* ismGroup.m */,
				064D7A351709705700DD0C3E /* ismMember.h */,
				064D7A361709705700DD0C3E /* ismMember.m */,
				064D7A371709705700DD0C3E /* ismThread.h */,
				064D7A381709705700DD0C3E /* ismThread.m */,
			);
			path = dataClass;
			sourceTree = "<group>";
		};
		064D7A3E170971D000DD0C3E /* mainTab */ = {
			isa = PBXGroup;
			children = (
				064D7A3F1709722E00DD0C3E /* ismMainTabController.h */,
				064D7A401709722E00DD0C3E /* ismMainTabController.m */,
				064D7A421709727600DD0C3E /* TimeLine */,
				064D7A431709728600DD0C3E /* TimeTable */,
				064D7A441709729900DD0C3E /* BBS */,
				064D7A45170972AE00DD0C3E /* Contact */,
				064D7A46170972BA00DD0C3E /* Setting */,
			);
			name = mainTab;
			sourceTree = "<group>";
		};
		064D7A421709727600DD0C3E /* TimeLine */ = {
			isa = PBXGroup;
			children = (
				064D7A47170972F100DD0C3E /* ismTimeLine.h */,
				064D7A48170972F100DD0C3E /* ismTimeLine.m */,
			);
			name = TimeLine;
			sourceTree = "<group>";
		};
		064D7A431709728600DD0C3E /* TimeTable */ = {
			isa = PBXGroup;
			children = (
				064D7A4A1709732900DD0C3E /* ismTimeTable.h */,
				064D7A4B1709732900DD0C3E /* ismTimeTable.m */,
				06E5F333170EDF4000F23D09 /* ismTimeTableAdd.h */,
				06E5F334170EDF4000F23D09 /* ismTimeTableAdd.m */,
				06E5F335170EDF4000F23D09 /* ismTimeTableAdd.xib */,
				064D7A6A170C1D1800DD0C3E /* ismTimeTableComments.h */,
				064D7A6B170C1D1800DD0C3E /* ismTimeTableComments.m */,
				064D7A70170C296F00DD0C3E /* ismTimeTableCommentDetail.h */,
				064D7A71170C296F00DD0C3E /* ismTimeTableCommentDetail.m */,
				064D7A6D170C293C00DD0C3E /* ismTimeTableCommentPost.h */,
				064D7A6E170C293C00DD0C3E /* ismTimeTableCommentPost.m */,
			);
			name = TimeTable;
			sourceTree = "<group>";
		};
		064D7A441709729900DD0C3E /* BBS */ = {
			isa = PBXGroup;
			children = (
				064D7A4D1709736000DD0C3E /* ismBBS.h */,
				064D7A4E1709736000DD0C3E /* ismBBS.m */,
				06E5F34317100B4C00F23D09 /* ismBBSThreadAdd.h */,
				06E5F34417100B4C00F23D09 /* ismBBSThreadAdd.m */,
				06E5F34517100B4D00F23D09 /* ismBBSThreadAdd.xib */,
				06E5F33D171006D700F23D09 /* ismBBSCommentList.h */,
				06E5F33E171006D700F23D09 /* ismBBSCommentList.m */,
				06E5F3401710086500F23D09 /* ismBBSCommentDetail.h */,
				06E5F3411710086500F23D09 /* ismBBSCommentDetail.m */,
				06E5F338171002C500F23D09 /* ismBBSCommentPost.h */,
				06E5F339171002C600F23D09 /* ismBBSCommentPost.m */,
				06E5F33A171002C600F23D09 /* ismBBSCommentPost.xib */,
			);
			name = BBS;
			sourceTree = "<group>";
		};
		064D7A45170972AE00DD0C3E /* Contact */ = {
			isa = PBXGroup;
			children = (
				064D7A501709737E00DD0C3E /* ismContact.h */,
				064D7A511709737E00DD0C3E /* ismContact.m */,
				06E5F32B170D953300F23D09 /* ismContactDetail.h */,
				06E5F32C170D953300F23D09 /* ismContactDetail.m */,
			);
			name = Contact;
			sourceTree = "<group>";
		};
		064D7A46170972BA00DD0C3E /* Setting */ = {
			isa = PBXGroup;
			children = (
				064D7A531709743100DD0C3E /* ismSetting.h */,
				064D7A541709743100DD0C3E /* ismSetting.m */,
				06E5F3481711250D00F23D09 /* customCell */,
			);
			name = Setting;
			sourceTree = "<group>";
		};
		064D7A62170ABFD200DD0C3E /* resource */ = {
			isa = PBXGroup;
			children = (
				064D7A69170AC10700DD0C3E /* icon */,
			);
			name = resource;
			sourceTree = "<group>";
		};
		064D7A69170AC10700DD0C3E /* icon */ = {
			isa = PBXGroup;
			children = (
				064D7A67170AC0F600DD0C3E /* emblemResizeNormal.png */,
				064D7A65170AC0D400DD0C3E /* emblemResize.png */,
				064D7A63170ABFE100DD0C3E /* emblem.png */,
			);
			name = icon;
			sourceTree = "<group>";
		};
		06E5F3481711250D00F23D09 /* customCell */ = {
			isa = PBXGroup;
			children = (
				06E5F34C17112A1800F23D09 /* ismCellTextField.h */,
				06E5F34D17112A1800F23D09 /* ismCellTextField.m */,
				06E5F34F17112A4B00F23D09 /* ismCellTextField.xib */,
			);
			name = customCell;
			sourceTree = "<group>";
		};
/* End PBXGroup section */

/* Begin PBXNativeTarget section */
		064D79F617095CA300DD0C3E /* Classter */ = {
			isa = PBXNativeTarget;
			buildConfigurationList = 064D7A1A17095CA300DD0C3E /* Build configuration list for PBXNativeTarget "Classter" */;
			buildPhases = (
				064D79F317095CA300DD0C3E /* Sources */,
				064D79F417095CA300DD0C3E /* Frameworks */,
				064D79F517095CA300DD0C3E /* Resources */,
			);
			buildRules = (
			);
			dependencies = (
			);
			name = Classter;
			productName = Classter;
			productReference = 064D79F717095CA300DD0C3E /* Classter.app */;
			productType = "com.apple.product-type.application";
		};
/* End PBXNativeTarget section */

/* Begin PBXProject section */
		064D79EF17095CA300DD0C3E /* Project object */ = {
			isa = PBXProject;
			attributes = {
				CLASSPREFIX = ism;
				LastUpgradeCheck = 0460;
				ORGANIZATIONNAME = kanade;
			};
			buildConfigurationList = 064D79F217095CA300DD0C3E /* Build configuration list for PBXProject "Classter" */;
			compatibilityVersion = "Xcode 3.2";
			developmentRegion = English;
			hasScannedForEncodings = 0;
			knownRegions = (
				en,
			);
			mainGroup = 064D79EE17095CA300DD0C3E;
			productRefGroup = 064D79F817095CA300DD0C3E /* Products */;
			projectDirPath = "";
			projectRoot = "";
			targets = (
				064D79F617095CA300DD0C3E /* Classter */,
			);
		};
/* End PBXProject section */

/* Begin PBXResourcesBuildPhase section */
		064D79F517095CA300DD0C3E /* Resources */ = {
			isa = PBXResourcesBuildPhase;
			buildActionMask = 2147483647;
			files = (
				064D7A0517095CA300DD0C3E /* InfoPlist.strings in Resources */,
				064D7A0D17095CA300DD0C3E /* Default.png in Resources */,
				064D7A0F17095CA300DD0C3E /* Default@2x.png in Resources */,
				064D7A1117095CA300DD0C3E /* Default-568h@2x.png in Resources */,
				064D7A1717095CA300DD0C3E /* ismViewController.xib in Resources */,
				064D7A64170ABFE100DD0C3E /* emblem.png in Resources */,
				064D7A66170AC0D400DD0C3E /* emblemResize.png in Resources */,
				064D7A68170AC0F600DD0C3E /* emblemResizeNormal.png in Resources */,
				06E5F332170DE10A00F23D09 /* ismClassAdd.xib in Resources */,
				06E5F337170EDF4000F23D09 /* ismTimeTableAdd.xib in Resources */,
				06E5F33C171002C700F23D09 /* ismBBSCommentPost.xib in Resources */,
				06E5F34717100B4E00F23D09 /* ismBBSThreadAdd.xib in Resources */,
				06E5F35017112A4B00F23D09 /* ismCellTextField.xib in Resources */,
			);
			runOnlyForDeploymentPostprocessing = 0;
		};
/* End PBXResourcesBuildPhase section */

/* Begin PBXSourcesBuildPhase section */
		064D79F317095CA300DD0C3E /* Sources */ = {
			isa = PBXSourcesBuildPhase;
			buildActionMask = 2147483647;
			files = (
				064D7A0717095CA300DD0C3E /* main.m in Sources */,
				064D7A0B17095CA300DD0C3E /* ismAppDelegate.m in Sources */,
				064D7A1417095CA300DD0C3E /* ismViewController.m in Sources */,
				064D7A1F17095D6700DD0C3E /* ismNav_Login.m in Sources */,
				064D7A2517096D3400DD0C3E /* ismClassSelect.m in Sources */,
				064D7A2C17096E9400DD0C3E /* ismWebApi.m in Sources */,
				064D7A2D17096E9400DD0C3E /* R9HTTPRequest.m in Sources */,
				064D7A391709705700DD0C3E /* ismComment.m in Sources */,
				064D7A3A1709705700DD0C3E /* ismDataClassBase.m in Sources */,
				064D7A3B1709705700DD0C3E /* ismGroup.m in Sources */,
				064D7A3C1709705700DD0C3E /* ismMember.m in Sources */,
				064D7A3D1709705700DD0C3E /* ismThread.m in Sources */,
				064D7A411709722E00DD0C3E /* ismMainTabController.m in Sources */,
				064D7A49170972F100DD0C3E /* ismTimeLine.m in Sources */,
				064D7A4C1709732900DD0C3E /* ismTimeTable.m in Sources */,
				064D7A4F1709736000DD0C3E /* ismBBS.m in Sources */,
				064D7A521709737E00DD0C3E /* ismContact.m in Sources */,
				064D7A551709743100DD0C3E /* ismSetting.m in Sources */,
				064D7A6C170C1D1800DD0C3E /* ismTimeTableComments.m in Sources */,
				064D7A6F170C293C00DD0C3E /* ismTimeTableCommentPost.m in Sources */,
				064D7A72170C296F00DD0C3E /* ismTimeTableCommentDetail.m in Sources */,
				06E5F32D170D953300F23D09 /* ismContactDetail.m in Sources */,
				06E5F331170DE10A00F23D09 /* ismClassAdd.m in Sources */,
				06E5F336170EDF4000F23D09 /* ismTimeTableAdd.m in Sources */,
				06E5F33B171002C700F23D09 /* ismBBSCommentPost.m in Sources */,
				06E5F33F171006D700F23D09 /* ismBBSCommentList.m in Sources */,
				06E5F3421710086600F23D09 /* ismBBSCommentDetail.m in Sources */,
				06E5F34617100B4E00F23D09 /* ismBBSThreadAdd.m in Sources */,
				06E5F34E17112A1800F23D09 /* ismCellTextField.m in Sources */,
			);
			runOnlyForDeploymentPostprocessing = 0;
		};
/* End PBXSourcesBuildPhase section */

/* Begin PBXVariantGroup section */
		064D7A0317095CA300DD0C3E /* InfoPlist.strings */ = {
			isa = PBXVariantGroup;
			children = (
				064D7A0417095CA300DD0C3E /* en */,
			);
			name = InfoPlist.strings;
			sourceTree = "<group>";
		};
		064D7A1517095CA300DD0C3E /* ismViewController.xib */ = {
			isa = PBXVariantGroup;
			children = (
				064D7A1617095CA300DD0C3E /* en */,
			);
			name = ismViewController.xib;
			sourceTree = "<group>";
		};
/* End PBXVariantGroup section */

/* Begin XCBuildConfiguration section */
		064D7A1817095CA300DD0C3E /* Debug */ = {
			isa = XCBuildConfiguration;
			buildSettings = {
				ALWAYS_SEARCH_USER_PATHS = NO;
				CLANG_CXX_LANGUAGE_STANDARD = "gnu++0x";
				CLANG_CXX_LIBRARY = "libc++";
				CLANG_ENABLE_OBJC_ARC = YES;
				CLANG_WARN_CONSTANT_CONVERSION = YES;
				CLANG_WARN_EMPTY_BODY = YES;
				CLANG_WARN_ENUM_CONVERSION = YES;
				CLANG_WARN_INT_CONVERSION = YES;
				CLANG_WARN__DUPLICATE_METHOD_MATCH = YES;
				"CODE_SIGN_IDENTITY[sdk=iphoneos*]" = "iPhone Developer";
				COPY_PHASE_STRIP = NO;
				GCC_C_LANGUAGE_STANDARD = gnu99;
				GCC_DYNAMIC_NO_PIC = NO;
				GCC_OPTIMIZATION_LEVEL = 0;
				GCC_PREPROCESSOR_DEFINITIONS = (
					"DEBUG=1",
					"$(inherited)",
				);
				GCC_SYMBOLS_PRIVATE_EXTERN = NO;
				GCC_WARN_ABOUT_RETURN_TYPE = YES;
				GCC_WARN_UNINITIALIZED_AUTOS = YES;
				GCC_WARN_UNUSED_VARIABLE = YES;
				IPHONEOS_DEPLOYMENT_TARGET = 6.1;
				ONLY_ACTIVE_ARCH = YES;
				SDKROOT = iphoneos;
			};
			name = Debug;
		};
		064D7A1917095CA300DD0C3E /* Release */ = {
			isa = XCBuildConfiguration;
			buildSettings = {
				ALWAYS_SEARCH_USER_PATHS = NO;
				CLANG_CXX_LANGUAGE_STANDARD = "gnu++0x";
				CLANG_CXX_LIBRARY = "libc++";
				CLANG_ENABLE_OBJC_ARC = YES;
				CLANG_WARN_CONSTANT_CONVERSION = YES;
				CLANG_WARN_EMPTY_BODY = YES;
				CLANG_WARN_ENUM_CONVERSION = YES;
				CLANG_WARN_INT_CONVERSION = YES;
				CLANG_WARN__DUPLICATE_METHOD_MATCH = YES;
				"CODE_SIGN_IDENTITY[sdk=iphoneos*]" = "iPhone Developer";
				COPY_PHASE_STRIP = YES;
				GCC_C_LANGUAGE_STANDARD = gnu99;
				GCC_WARN_ABOUT_RETURN_TYPE = YES;
				GCC_WARN_UNINITIALIZED_AUTOS = YES;
				GCC_WARN_UNUSED_VARIABLE = YES;
				IPHONEOS_DEPLOYMENT_TARGET = 6.1;
				OTHER_CFLAGS = "-DNS_BLOCK_ASSERTIONS=1";
				SDKROOT = iphoneos;
				VALIDATE_PRODUCT = YES;
			};
			name = Release;
		};
		064D7A1B17095CA300DD0C3E /* Debug */ = {
			isa = XCBuildConfiguration;
			buildSettings = {
				GCC_PRECOMPILE_PREFIX_HEADER = YES;
				GCC_PREFIX_HEADER = "Classter/Classter-Prefix.pch";
				INFOPLIST_FILE = "Classter/Classter-Info.plist";
				PRODUCT_NAME = "$(TARGET_NAME)";
				WRAPPER_EXTENSION = app;
			};
			name = Debug;
		};
		064D7A1C17095CA300DD0C3E /* Release */ = {
			isa = XCBuildConfiguration;
			buildSettings = {
				GCC_PRECOMPILE_PREFIX_HEADER = YES;
				GCC_PREFIX_HEADER = "Classter/Classter-Prefix.pch";
				INFOPLIST_FILE = "Classter/Classter-Info.plist";
				PRODUCT_NAME = "$(TARGET_NAME)";
				WRAPPER_EXTENSION = app;
			};
			name = Release;
		};
/* End XCBuildConfiguration section */

/* Begin XCConfigurationList section */
		064D79F217095CA300DD0C3E /* Build configuration list for PBXProject "Classter" */ = {
			isa = XCConfigurationList;
			buildConfigurations = (
				064D7A1817095CA300DD0C3E /* Debug */,
				064D7A1917095CA300DD0C3E /* Release */,
			);
			defaultConfigurationIsVisible = 0;
			defaultConfigurationName = Release;
		};
		064D7A1A17095CA300DD0C3E /* Build configuration list for PBXNativeTarget "Classter" */ = {
			isa = XCConfigurationList;
			buildConfigurations = (
				064D7A1B17095CA300DD0C3E /* Debug */,
				064D7A1C17095CA300DD0C3E /* Release */,
			);
			defaultConfigurationIsVisible = 0;
			defaultConfigurationName = Release;
		};
/* End XCConfigurationList section */
	};
	rootObject = 064D79EF17095CA300DD0C3E /* Project object */;
}
